
Microsoft Visual Studio Solution File, Format Version 12.00
# Visual Studio Version 16
VisualStudioVersion = 16.0.32602.291
MinimumVisualStudioVersion = 10.0.40219.1
Project("{9A19103F-16F7-4668-BE54-9A1E7A4F7556}") = "PITLReport", "PITLReport.csproj", "{3F8CC648-A572-4ECF-89B0-B12FCCBD8A58}"
EndProject
Project("{9A19103F-16F7-4668-BE54-9A1E7A4F7556}") = "Petroineosfeedservice", "Petroinesfeedservice\Petroineosfeedservice.csproj", "{DFF1A4B8-6109-46FD-B5A9-DF72CF7128D4}"
EndProject
Global
	GlobalSection(SolutionConfigurationPlatforms) = preSolution
		Debug|Any CPU = Debug|Any CPU
		Release|Any CPU = Release|Any CPU
	EndGlobalSection
	GlobalSection(ProjectConfigurationPlatforms) = postSolution
		{3F8CC648-A572-4ECF-89B0-B12FCCBD8A58}.Debug|Any CPU.ActiveCfg = Debug|Any CPU
		{3F8CC648-A572-4ECF-89B0-B12FCCBD8A58}.Debug|Any CPU.Build.0 = Debug|Any CPU
		{3F8CC648-A572-4ECF-89B0-B12FCCBD8A58}.Release|Any CPU.ActiveCfg = Release|Any CPU
		{3F8CC648-A572-4ECF-89B0-B12FCCBD8A58}.Release|Any CPU.Build.0 = Release|Any CPU
		{DFF1A4B8-6109-46FD-B5A9-DF72CF7128D4}.Debug|Any CPU.ActiveCfg = Debug|Any CPU
		{DFF1A4B8-6109-46FD-B5A9-DF72CF7128D4}.Debug|Any CPU.Build.0 = Debug|Any CPU
		{DFF1A4B8-6109-46FD-B5A9-DF72CF7128D4}.Release|Any CPU.ActiveCfg = Release|Any CPU
		{DFF1A4B8-6109-46FD-B5A9-DF72CF7128D4}.Release|Any CPU.Build.0 = Release|Any CPU
	EndGlobalSection
	GlobalSection(SolutionProperties) = preSolution
		HideSolutionNode = FALSE
	EndGlobalSection
	GlobalSection(ExtensibilityGlobals) = postSolution
		SolutionGuid = {77A6AE1A-DC2A-4178-8A98-0FD2FACA4045}
	EndGlobalSection
EndGlobal
